
Microsoft Visual Studio Solution File, Format Version 12.00
# Visual Studio 15
VisualStudioVersion = 15.0.28010.2016
MinimumVisualStudioVersion = 10.0.40219.1
Project("{FAE04EC0-301F-11D3-BF4B-00C04F79EFBC}") = "ProjectPPK", "ProjectPPK\ProjectPPK.csproj", "{FD7B40D3-66F7-4255-A10B-1FBD1980C894}"
EndProject
Global
	GlobalSection(SolutionConfigurationPlatforms) = preSolution
		Debug|Any CPU = Debug|Any CPU
		Release|Any CPU = Release|Any CPU
	EndGlobalSection
	GlobalSection(ProjectConfigurationPlatforms) = postSolution
		{FD7B40D3-66F7-4255-A10B-1FBD1980C894}.Debug|Any CPU.ActiveCfg = Debug|Any CPU
		{FD7B40D3-66F7-4255-A10B-1FBD1980C894}.Debug|Any CPU.Build.0 = Debug|Any CPU
		{FD7B40D3-66F7-4255-A10B-1FBD1980C894}.Release|Any CPU.ActiveCfg = Release|Any CPU
		{FD7B40D3-66F7-4255-A10B-1FBD1980C894}.Release|Any CPU.Build.0 = Release|Any CPU
	EndGlobalSection
	GlobalSection(SolutionProperties) = preSolution
		HideSolutionNode = FALSE
	EndGlobalSection
	GlobalSection(ExtensibilityGlobals) = postSolution
		SolutionGuid = {BC7EE26F-07BB-456D-9C7A-0E620CAD4280}
	EndGlobalSection
EndGlobal
